
Microsoft Visual Studio Solution File, Format Version 12.00
# Visual Studio Version 16
VisualStudioVersion = 16.0.30114.105
MinimumVisualStudioVersion = 10.0.40219.1
Project("{FAE04EC0-301F-11D3-BF4B-00C04F79EFBC}") = "moodle-external-database-integration.Client", "moodle-external-database-integration.Client\moodle-external-database-integration.Client.csproj", "{86836B57-C240-4375-8F1E-732A16E0E9DA}"
EndProject
Project("{FAE04EC0-301F-11D3-BF4B-00C04F79EFBC}") = "moodle-external-database-integration.Data", "moodle-external-database-integration.Data\moodle-external-database-integration.Data.csproj", "{30F61D27-CAC3-4406-A212-287BEF0DFB06}"
EndProject
Project("{FAE04EC0-301F-11D3-BF4B-00C04F79EFBC}") = "moodle-external-database-integration.Core", "moodle-external-database-integration.Core\moodle-external-database-integration.Core.csproj", "{7DC7D20D-A5D9-482A-851E-79FBD5E72770}"
EndProject
Global
	GlobalSection(SolutionProperties) = preSolution
		HideSolutionNode = FALSE
	EndGlobalSection
	GlobalSection(SolutionConfigurationPlatforms) = preSolution
		Debug|Any CPU = Debug|Any CPU
		Debug|x64 = Debug|x64
		Debug|x86 = Debug|x86
		Release|Any CPU = Release|Any CPU
		Release|x64 = Release|x64
		Release|x86 = Release|x86
	EndGlobalSection
	GlobalSection(ProjectConfigurationPlatforms) = postSolution
		{86836B57-C240-4375-8F1E-732A16E0E9DA}.Debug|Any CPU.ActiveCfg = Debug|Any CPU
		{86836B57-C240-4375-8F1E-732A16E0E9DA}.Debug|Any CPU.Build.0 = Debug|Any CPU
		{86836B57-C240-4375-8F1E-732A16E0E9DA}.Debug|x64.ActiveCfg = Debug|Any CPU
		{86836B57-C240-4375-8F1E-732A16E0E9DA}.Debug|x64.Build.0 = Debug|Any CPU
		{86836B57-C240-4375-8F1E-732A16E0E9DA}.Debug|x86.ActiveCfg = Debug|Any CPU
		{86836B57-C240-4375-8F1E-732A16E0E9DA}.Debug|x86.Build.0 = Debug|Any CPU
		{86836B57-C240-4375-8F1E-732A16E0E9DA}.Release|Any CPU.ActiveCfg = Release|Any CPU
		{86836B57-C240-4375-8F1E-732A16E0E9DA}.Release|Any CPU.Build.0 = Release|Any CPU
		{86836B57-C240-4375-8F1E-732A16E0E9DA}.Release|x64.ActiveCfg = Release|Any CPU
		{86836B57-C240-4375-8F1E-732A16E0E9DA}.Release|x64.Build.0 = Release|Any CPU
		{86836B57-C240-4375-8F1E-732A16E0E9DA}.Release|x86.ActiveCfg = Release|Any CPU
		{86836B57-C240-4375-8F1E-732A16E0E9DA}.Release|x86.Build.0 = Release|Any CPU
		{30F61D27-CAC3-4406-A212-287BEF0DFB06}.Debug|Any CPU.ActiveCfg = Debug|Any CPU
		{30F61D27-CAC3-4406-A212-287BEF0DFB06}.Debug|Any CPU.Build.0 = Debug|Any CPU
		{30F61D27-CAC3-4406-A212-287BEF0DFB06}.Debug|x64.ActiveCfg = Debug|Any CPU
		{30F61D27-CAC3-4406-A212-287BEF0DFB06}.Debug|x64.Build.0 = Debug|Any CPU
		{30F61D27-CAC3-4406-A212-287BEF0DFB06}.Debug|x86.ActiveCfg = Debug|Any CPU
		{30F61D27-CAC3-4406-A212-287BEF0DFB06}.Debug|x86.Build.0 = Debug|Any CPU
		{30F61D27-CAC3-4406-A212-287BEF0DFB06}.Release|Any CPU.ActiveCfg = Release|Any CPU
		{30F61D27-CAC3-4406-A212-287BEF0DFB06}.Release|Any CPU.Build.0 = Release|Any CPU
		{30F61D27-CAC3-4406-A212-287BEF0DFB06}.Release|x64.ActiveCfg = Release|Any CPU
		{30F61D27-CAC3-4406-A212-287BEF0DFB06}.Release|x64.Build.0 = Release|Any CPU
		{30F61D27-CAC3-4406-A212-287BEF0DFB06}.Release|x86.ActiveCfg = Release|Any CPU
		{30F61D27-CAC3-4406-A212-287BEF0DFB06}.Release|x86.Build.0 = Release|Any CPU
		{7DC7D20D-A5D9-482A-851E-79FBD5E72770}.Debug|Any CPU.ActiveCfg = Debug|Any CPU
		{7DC7D20D-A5D9-482A-851E-79FBD5E72770}.Debug|Any CPU.Build.0 = Debug|Any CPU
		{7DC7D20D-A5D9-482A-851E-79FBD5E72770}.Debug|x64.ActiveCfg = Debug|Any CPU
		{7DC7D20D-A5D9-482A-851E-79FBD5E72770}.Debug|x64.Build.0 = Debug|Any CPU
		{7DC7D20D-A5D9-482A-851E-79FBD5E72770}.Debug|x86.ActiveCfg = Debug|Any CPU
		{7DC7D20D-A5D9-482A-851E-79FBD5E72770}.Debug|x86.Build.0 = Debug|Any CPU
		{7DC7D20D-A5D9-482A-851E-79FBD5E72770}.Release|Any CPU.ActiveCfg = Release|Any CPU
		{7DC7D20D-A5D9-482A-851E-79FBD5E72770}.Release|Any CPU.Build.0 = Release|Any CPU
		{7DC7D20D-A5D9-482A-851E-79FBD5E72770}.Release|x64.ActiveCfg = Release|Any CPU
		{7DC7D20D-A5D9-482A-851E-79FBD5E72770}.Release|x64.Build.0 = Release|Any CPU
		{7DC7D20D-A5D9-482A-851E-79FBD5E72770}.Release|x86.ActiveCfg = Release|Any CPU
		{7DC7D20D-A5D9-482A-851E-79FBD5E72770}.Release|x86.Build.0 = Release|Any CPU
	EndGlobalSection
EndGlobal
